
Microsoft Visual Studio Solution File, Format Version 12.00
# Visual Studio Version 17
VisualStudioVersion = 17.13.35825.156 d17.13
MinimumVisualStudioVersion = 10.0.40219.1
Project("{FAE04EC0-301F-11D3-BF4B-00C04F79EFBC}") = "TFS_UI_mvvm", "TFS_UI_mvvm.csproj", "{36DB955F-2C5B-45EC-A05A-315DCC7D8715}"
EndProject
Global
	GlobalSection(SolutionConfigurationPlatforms) = preSolution
		Debug|Any CPU = Debug|Any CPU
		Release|Any CPU = Release|Any CPU
	EndGlobalSection
	GlobalSection(ProjectConfigurationPlatforms) = postSolution
		{36DB955F-2C5B-45EC-A05A-315DCC7D8715}.Debug|Any CPU.ActiveCfg = Debug|Any CPU
		{36DB955F-2C5B-45EC-A05A-315DCC7D8715}.Debug|Any CPU.Build.0 = Debug|Any CPU
		{36DB955F-2C5B-45EC-A05A-315DCC7D8715}.Release|Any CPU.ActiveCfg = Release|Any CPU
		{36DB955F-2C5B-45EC-A05A-315DCC7D8715}.Release|Any CPU.Build.0 = Release|Any CPU
	EndGlobalSection
	GlobalSection(SolutionProperties) = preSolution
		HideSolutionNode = FALSE
	EndGlobalSection
	GlobalSection(ExtensibilityGlobals) = postSolution
		SolutionGuid = {78A578D5-5CFD-4A57-9498-EDEF2E260C5C}
	EndGlobalSection
EndGlobal
